
Microsoft Visual Studio Solution File, Format Version 12.00
# Visual Studio 15
VisualStudioVersion = 15.0.27703.2047
MinimumVisualStudioVersion = 10.0.40219.1
Project("{FAE04EC0-301F-11D3-BF4B-00C04F79EFBC}") = "SimplePower", "SimplePower\SimplePower.csproj", "{A7D12F5D-C15E-479A-A98E-F0A159DF4BD9}"
EndProject
Project("{FAE04EC0-301F-11D3-BF4B-00C04F79EFBC}") = "BackgroundTask", "BackgroundTask\BackgroundTask.csproj", "{90F9E170-AD8D-4EFB-81C4-0F13FC46733E}"
EndProject
Project("{FAE04EC0-301F-11D3-BF4B-00C04F79EFBC}") = "SimplePower.Core", "SimplePower.Core\SimplePower.Core.csproj", "{ABBB170E-82EE-4C59-8FEC-9A2844F1AAB9}"
EndProject
Global
	GlobalSection(SolutionConfigurationPlatforms) = preSolution
		Debug|Any CPU = Debug|Any CPU
		Debug|ARM = Debug|ARM
		Debug|x64 = Debug|x64
		Debug|x86 = Debug|x86
		Release|Any CPU = Release|Any CPU
		Release|ARM = Release|ARM
		Release|x64 = Release|x64
		Release|x86 = Release|x86
	EndGlobalSection
	GlobalSection(ProjectConfigurationPlatforms) = postSolution
		{A7D12F5D-C15E-479A-A98E-F0A159DF4BD9}.Debug|Any CPU.ActiveCfg = Debug|x86
		{A7D12F5D-C15E-479A-A98E-F0A159DF4BD9}.Debug|ARM.ActiveCfg = Debug|ARM
		{A7D12F5D-C15E-479A-A98E-F0A159DF4BD9}.Debug|ARM.Build.0 = Debug|ARM
		{A7D12F5D-C15E-479A-A98E-F0A159DF4BD9}.Debug|ARM.Deploy.0 = Debug|ARM
		{A7D12F5D-C15E-479A-A98E-F0A159DF4BD9}.Debug|x64.ActiveCfg = Debug|x64
		{A7D12F5D-C15E-479A-A98E-F0A159DF4BD9}.Debug|x64.Build.0 = Debug|x64
		{A7D12F5D-C15E-479A-A98E-F0A159DF4BD9}.Debug|x64.Deploy.0 = Debug|x64
		{A7D12F5D-C15E-479A-A98E-F0A159DF4BD9}.Debug|x86.ActiveCfg = Debug|x86
		{A7D12F5D-C15E-479A-A98E-F0A159DF4BD9}.Debug|x86.Build.0 = Debug|x86
		{A7D12F5D-C15E-479A-A98E-F0A159DF4BD9}.Debug|x86.Deploy.0 = Debug|x86
		{A7D12F5D-C15E-479A-A98E-F0A159DF4BD9}.Release|Any CPU.ActiveCfg = Release|x86
		{A7D12F5D-C15E-479A-A98E-F0A159DF4BD9}.Release|ARM.ActiveCfg = Release|ARM
		{A7D12F5D-C15E-479A-A98E-F0A159DF4BD9}.Release|ARM.Build.0 = Release|ARM
		{A7D12F5D-C15E-479A-A98E-F0A159DF4BD9}.Release|ARM.Deploy.0 = Release|ARM
		{A7D12F5D-C15E-479A-A98E-F0A159DF4BD9}.Release|x64.ActiveCfg = Release|x64
		{A7D12F5D-C15E-479A-A98E-F0A159DF4BD9}.Release|x64.Build.0 = Release|x64
		{A7D12F5D-C15E-479A-A98E-F0A159DF4BD9}.Release|x64.Deploy.0 = Release|x64
		{A7D12F5D-C15E-479A-A98E-F0A159DF4BD9}.Release|x86.ActiveCfg = Release|x86
		{A7D12F5D-C15E-479A-A98E-F0A159DF4BD9}.Release|x86.Build.0 = Release|x86
		{A7D12F5D-C15E-479A-A98E-F0A159DF4BD9}.Release|x86.Deploy.0 = Release|x86
		{90F9E170-AD8D-4EFB-81C4-0F13FC46733E}.Debug|Any CPU.ActiveCfg = Debug|Any CPU
		{90F9E170-AD8D-4EFB-81C4-0F13FC46733E}.Debug|Any CPU.Build.0 = Debug|Any CPU
		{90F9E170-AD8D-4EFB-81C4-0F13FC46733E}.Debug|ARM.ActiveCfg = Debug|ARM
		{90F9E170-AD8D-4EFB-81C4-0F13FC46733E}.Debug|ARM.Build.0 = Debug|ARM
		{90F9E170-AD8D-4EFB-81C4-0F13FC46733E}.Debug|x64.ActiveCfg = Debug|x64
		{90F9E170-AD8D-4EFB-81C4-0F13FC46733E}.Debug|x64.Build.0 = Debug|x64
		{90F9E170-AD8D-4EFB-81C4-0F13FC46733E}.Debug|x86.ActiveCfg = Debug|x86
		{90F9E170-AD8D-4EFB-81C4-0F13FC46733E}.Debug|x86.Build.0 = Debug|x86
		{90F9E170-AD8D-4EFB-81C4-0F13FC46733E}.Release|Any CPU.ActiveCfg = Release|Any CPU
		{90F9E170-AD8D-4EFB-81C4-0F13FC46733E}.Release|Any CPU.Build.0 = Release|Any CPU
		{90F9E170-AD8D-4EFB-81C4-0F13FC46733E}.Release|ARM.ActiveCfg = Release|ARM
		{90F9E170-AD8D-4EFB-81C4-0F13FC46733E}.Release|ARM.Build.0 = Release|ARM
		{90F9E170-AD8D-4EFB-81C4-0F13FC46733E}.Release|x64.ActiveCfg = Release|x64
		{90F9E170-AD8D-4EFB-81C4-0F13FC46733E}.Release|x64.Build.0 = Release|x64
		{90F9E170-AD8D-4EFB-81C4-0F13FC46733E}.Release|x86.ActiveCfg = Release|x86
		{90F9E170-AD8D-4EFB-81C4-0F13FC46733E}.Release|x86.Build.0 = Release|x86
		{ABBB170E-82EE-4C59-8FEC-9A2844F1AAB9}.Debug|Any CPU.ActiveCfg = Debug|Any CPU
		{ABBB170E-82EE-4C59-8FEC-9A2844F1AAB9}.Debug|Any CPU.Build.0 = Debug|Any CPU
		{ABBB170E-82EE-4C59-8FEC-9A2844F1AAB9}.Debug|ARM.ActiveCfg = Debug|ARM
		{ABBB170E-82EE-4C59-8FEC-9A2844F1AAB9}.Debug|ARM.Build.0 = Debug|ARM
		{ABBB170E-82EE-4C59-8FEC-9A2844F1AAB9}.Debug|x64.ActiveCfg = Debug|x64
		{ABBB170E-82EE-4C59-8FEC-9A2844F1AAB9}.Debug|x64.Build.0 = Debug|x64
		{ABBB170E-82EE-4C59-8FEC-9A2844F1AAB9}.Debug|x86.ActiveCfg = Debug|x86
		{ABBB170E-82EE-4C59-8FEC-9A2844F1AAB9}.Debug|x86.Build.0 = Debug|x86
		{ABBB170E-82EE-4C59-8FEC-9A2844F1AAB9}.Release|Any CPU.ActiveCfg = Release|Any CPU
		{ABBB170E-82EE-4C59-8FEC-9A2844F1AAB9}.Release|Any CPU.Build.0 = Release|Any CPU
		{ABBB170E-82EE-4C59-8FEC-9A2844F1AAB9}.Release|ARM.ActiveCfg = Release|ARM
		{ABBB170E-82EE-4C59-8FEC-9A2844F1AAB9}.Release|ARM.Build.0 = Release|ARM
		{ABBB170E-82EE-4C59-8FEC-9A2844F1AAB9}.Release|x64.ActiveCfg = Release|x64
		{ABBB170E-82EE-4C59-8FEC-9A2844F1AAB9}.Release|x64.Build.0 = Release|x64
		{ABBB170E-82EE-4C59-8FEC-9A2844F1AAB9}.Release|x86.ActiveCfg = Release|x86
		{ABBB170E-82EE-4C59-8FEC-9A2844F1AAB9}.Release|x86.Build.0 = Release|x86
	EndGlobalSection
	GlobalSection(SolutionProperties) = preSolution
		HideSolutionNode = FALSE
	EndGlobalSection
	GlobalSection(ExtensibilityGlobals) = postSolution
		SolutionGuid = {3258F728-BFE1-4C9E-9BC3-3529D3D9A6E0}
	EndGlobalSection
EndGlobal
